
Microsoft Visual Studio Solution File, Format Version 12.00
# Visual Studio Version 16
VisualStudioVersion = 16.0.30011.22
MinimumVisualStudioVersion = 10.0.40219.1
Project("{2150E333-8FDC-42A3-9474-1A3956D46DE8}") = "Homework1", "Homework1", "{37740699-31E0-4A87-8934-F2B6D25F1950}"
EndProject
Project("{FAE04EC0-301F-11D3-BF4B-00C04F79EFBC}") = "Profile", "Profile\Profile.csproj", "{3EC38570-636F-4243-9E5E-38A69D60C87A}"
EndProject
Project("{FAE04EC0-301F-11D3-BF4B-00C04F79EFBC}") = "DistanceBetweenPoints", "DistancePoints\DistanceBetweenPoints.csproj", "{4BDEB668-E009-4AF5-9455-82F67B113803}"
EndProject
Project("{FAE04EC0-301F-11D3-BF4B-00C04F79EFBC}") = "MyProfile", "MyProfile\MyProfile.csproj", "{69001F4F-6993-4AA5-AFA1-83AD681954D7}"
EndProject
Project("{2150E333-8FDC-42A3-9474-1A3956D46DE8}") = "Lesson", "Lesson", "{FEBECCF3-D636-478C-8412-C3B50C88C3C6}"
EndProject
Project("{FAE04EC0-301F-11D3-BF4B-00C04F79EFBC}") = "Lesson-1", "Lesson-1\Lesson-1.csproj", "{4AB0B473-A1C7-4F29-87FD-0590C0DCF439}"
EndProject
Project("{FAE04EC0-301F-11D3-BF4B-00C04F79EFBC}") = "Utils", "Utils\Utils.csproj", "{F062F7F2-03B7-4367-9B8A-4BCFA737F1A7}"
EndProject
Project("{FAE04EC0-301F-11D3-BF4B-00C04F79EFBC}") = "ExchangeOfValues", "ExchangeOfValues\ExchangeOfValues.csproj", "{859A49F4-2862-423B-8BE1-4CD7634AFA91}"
EndProject
Project("{2150E333-8FDC-42A3-9474-1A3956D46DE8}") = "Homework2", "Homework2", "{F283F65D-11CA-4017-974F-B3B2A749738B}"
EndProject
Project("{FAE04EC0-301F-11D3-BF4B-00C04F79EFBC}") = "Homework2", "Homework2\Homework2.csproj", "{C6E32FB1-0ABF-43A6-804F-D2EF1F985DDF}"
EndProject
Global
	GlobalSection(SolutionConfigurationPlatforms) = preSolution
		Debug|Any CPU = Debug|Any CPU
		Release|Any CPU = Release|Any CPU
	EndGlobalSection
	GlobalSection(ProjectConfigurationPlatforms) = postSolution
		{3EC38570-636F-4243-9E5E-38A69D60C87A}.Debug|Any CPU.ActiveCfg = Debug|Any CPU
		{3EC38570-636F-4243-9E5E-38A69D60C87A}.Debug|Any CPU.Build.0 = Debug|Any CPU
		{3EC38570-636F-4243-9E5E-38A69D60C87A}.Release|Any CPU.ActiveCfg = Release|Any CPU
		{3EC38570-636F-4243-9E5E-38A69D60C87A}.Release|Any CPU.Build.0 = Release|Any CPU
		{4BDEB668-E009-4AF5-9455-82F67B113803}.Debug|Any CPU.ActiveCfg = Debug|Any CPU
		{4BDEB668-E009-4AF5-9455-82F67B113803}.Debug|Any CPU.Build.0 = Debug|Any CPU
		{4BDEB668-E009-4AF5-9455-82F67B113803}.Release|Any CPU.ActiveCfg = Release|Any CPU
		{4BDEB668-E009-4AF5-9455-82F67B113803}.Release|Any CPU.Build.0 = Release|Any CPU
		{69001F4F-6993-4AA5-AFA1-83AD681954D7}.Debug|Any CPU.ActiveCfg = Debug|Any CPU
		{69001F4F-6993-4AA5-AFA1-83AD681954D7}.Debug|Any CPU.Build.0 = Debug|Any CPU
		{69001F4F-6993-4AA5-AFA1-83AD681954D7}.Release|Any CPU.ActiveCfg = Release|Any CPU
		{69001F4F-6993-4AA5-AFA1-83AD681954D7}.Release|Any CPU.Build.0 = Release|Any CPU
		{4AB0B473-A1C7-4F29-87FD-0590C0DCF439}.Debug|Any CPU.ActiveCfg = Debug|Any CPU
		{4AB0B473-A1C7-4F29-87FD-0590C0DCF439}.Debug|Any CPU.Build.0 = Debug|Any CPU
		{4AB0B473-A1C7-4F29-87FD-0590C0DCF439}.Release|Any CPU.ActiveCfg = Release|Any CPU
		{4AB0B473-A1C7-4F29-87FD-0590C0DCF439}.Release|Any CPU.Build.0 = Release|Any CPU
		{F062F7F2-03B7-4367-9B8A-4BCFA737F1A7}.Debug|Any CPU.ActiveCfg = Debug|Any CPU
		{F062F7F2-03B7-4367-9B8A-4BCFA737F1A7}.Debug|Any CPU.Build.0 = Debug|Any CPU
		{F062F7F2-03B7-4367-9B8A-4BCFA737F1A7}.Release|Any CPU.ActiveCfg = Release|Any CPU
		{F062F7F2-03B7-4367-9B8A-4BCFA737F1A7}.Release|Any CPU.Build.0 = Release|Any CPU
		{859A49F4-2862-423B-8BE1-4CD7634AFA91}.Debug|Any CPU.ActiveCfg = Debug|Any CPU
		{859A49F4-2862-423B-8BE1-4CD7634AFA91}.Debug|Any CPU.Build.0 = Debug|Any CPU
		{859A49F4-2862-423B-8BE1-4CD7634AFA91}.Release|Any CPU.ActiveCfg = Release|Any CPU
		{859A49F4-2862-423B-8BE1-4CD7634AFA91}.Release|Any CPU.Build.0 = Release|Any CPU
		{C6E32FB1-0ABF-43A6-804F-D2EF1F985DDF}.Debug|Any CPU.ActiveCfg = Debug|Any CPU
		{C6E32FB1-0ABF-43A6-804F-D2EF1F985DDF}.Debug|Any CPU.Build.0 = Debug|Any CPU
		{C6E32FB1-0ABF-43A6-804F-D2EF1F985DDF}.Release|Any CPU.ActiveCfg = Release|Any CPU
		{C6E32FB1-0ABF-43A6-804F-D2EF1F985DDF}.Release|Any CPU.Build.0 = Release|Any CPU
	EndGlobalSection
	GlobalSection(SolutionProperties) = preSolution
		HideSolutionNode = FALSE
	EndGlobalSection
	GlobalSection(NestedProjects) = preSolution
		{3EC38570-636F-4243-9E5E-38A69D60C87A} = {37740699-31E0-4A87-8934-F2B6D25F1950}
		{4BDEB668-E009-4AF5-9455-82F67B113803} = {37740699-31E0-4A87-8934-F2B6D25F1950}
		{69001F4F-6993-4AA5-AFA1-83AD681954D7} = {37740699-31E0-4A87-8934-F2B6D25F1950}
		{4AB0B473-A1C7-4F29-87FD-0590C0DCF439} = {FEBECCF3-D636-478C-8412-C3B50C88C3C6}
		{F062F7F2-03B7-4367-9B8A-4BCFA737F1A7} = {F283F65D-11CA-4017-974F-B3B2A749738B}
		{859A49F4-2862-423B-8BE1-4CD7634AFA91} = {37740699-31E0-4A87-8934-F2B6D25F1950}
		{C6E32FB1-0ABF-43A6-804F-D2EF1F985DDF} = {F283F65D-11CA-4017-974F-B3B2A749738B}
	EndGlobalSection
	GlobalSection(ExtensibilityGlobals) = postSolution
		SolutionGuid = {BE00BA60-2589-4056-B5B6-65CC66770C27}
	EndGlobalSection
EndGlobal
