
Microsoft Visual Studio Solution File, Format Version 12.00
# Visual Studio Version 16
VisualStudioVersion = 16.0.30011.22
MinimumVisualStudioVersion = 10.0.40219.1
Project("{2150E333-8FDC-42A3-9474-1A3956D46DE8}") = "Homework1", "Homework1", "{37740699-31E0-4A87-8934-F2B6D25F1950}"
EndProject
Project("{FAE04EC0-301F-11D3-BF4B-00C04F79EFBC}") = "Profile", "Profile\Profile.csproj", "{3EC38570-636F-4243-9E5E-38A69D60C87A}"
EndProject
Project("{FAE04EC0-301F-11D3-BF4B-00C04F79EFBC}") = "DistanceBetweenPoints", "DistancePoints\DistanceBetweenPoints.csproj", "{4BDEB668-E009-4AF5-9455-82F67B113803}"
EndProject
Project("{FAE04EC0-301F-11D3-BF4B-00C04F79EFBC}") = "MyProfile", "MyProfile\MyProfile.csproj", "{69001F4F-6993-4AA5-AFA1-83AD681954D7}"
EndProject
Project("{FAE04EC0-301F-11D3-BF4B-00C04F79EFBC}") = "Utils", "Utils\Utils.csproj", "{F062F7F2-03B7-4367-9B8A-4BCFA737F1A7}"
EndProject
Project("{FAE04EC0-301F-11D3-BF4B-00C04F79EFBC}") = "ExchangeOfValues", "ExchangeOfValues\ExchangeOfValues.csproj", "{859A49F4-2862-423B-8BE1-4CD7634AFA91}"
EndProject
Project("{2150E333-8FDC-42A3-9474-1A3956D46DE8}") = "Homework2", "Homework2", "{F283F65D-11CA-4017-974F-B3B2A749738B}"
EndProject
Project("{FAE04EC0-301F-11D3-BF4B-00C04F79EFBC}") = "Homework2", "Homework2\Homework2.csproj", "{C6E32FB1-0ABF-43A6-804F-D2EF1F985DDF}"
EndProject
Project("{2150E333-8FDC-42A3-9474-1A3956D46DE8}") = "Homework3", "Homework3", "{CC6B4535-BD51-43AF-BCF3-24AD29B12153}"
EndProject
Project("{FAE04EC0-301F-11D3-BF4B-00C04F79EFBC}") = "Homework3", "Homework3\Homework3.csproj", "{55242750-E390-4D12-A03E-54A918D0D2A0}"
EndProject
Project("{2150E333-8FDC-42A3-9474-1A3956D46DE8}") = "Homework4", "Homework4", "{68BA1C74-0537-47D7-89AE-4983E00979B1}"
EndProject
Project("{FAE04EC0-301F-11D3-BF4B-00C04F79EFBC}") = "Homework4", "Homework4\Homework4.csproj", "{AA41C327-D2A7-41C4-9590-197D9C9461AD}"
EndProject
Project("{2150E333-8FDC-42A3-9474-1A3956D46DE8}") = "Library", "Library", "{12AC2031-CF01-47FA-8FD9-DF18A022AFBB}"
EndProject
Project("{2150E333-8FDC-42A3-9474-1A3956D46DE8}") = "Homework5", "Homework5", "{7A8A133D-785F-4800-A537-1AEDC49200BA}"
EndProject
Project("{FAE04EC0-301F-11D3-BF4B-00C04F79EFBC}") = "Homework5", "Homework5\Homework5.csproj", "{77A956D5-855D-447C-990D-E5B7ECD313B5}"
EndProject
Project("{FAE04EC0-301F-11D3-BF4B-00C04F79EFBC}") = "Homework6", "Homework6\Homework6.csproj", "{2394DF3D-3D9A-4A9F-AD69-40F138EFC4C9}"
EndProject
Project("{2150E333-8FDC-42A3-9474-1A3956D46DE8}") = "Homework6", "Homework6", "{1F7B545F-8D5D-4BD0-9F1C-62C977A9E646}"
EndProject
Project("{2150E333-8FDC-42A3-9474-1A3956D46DE8}") = "Homework7", "Homework7", "{59C4FC1C-F80F-4CF3-81A2-4D39DF9CA9E6}"
EndProject
Project("{FAE04EC0-301F-11D3-BF4B-00C04F79EFBC}") = "Udvoitel", "Udvoitel\Udvoitel.csproj", "{F300B6A5-36C4-4532-AE00-8B671BC3911B}"
EndProject
Project("{FAE04EC0-301F-11D3-BF4B-00C04F79EFBC}") = "Guess", "Guess\Guess.csproj", "{36E7C59B-5467-4E02-9DAF-DFC8C81C13DD}"
EndProject
Project("{2150E333-8FDC-42A3-9474-1A3956D46DE8}") = "Homework8", "Homework8", "{AF331412-8F32-4495-ABCF-88AFB196B458}"
EndProject
Project("{FAE04EC0-301F-11D3-BF4B-00C04F79EFBC}") = "FirstDatabase", "FirstDatabase\FirstDatabase.csproj", "{497CE321-85EB-4702-8D23-6E1611CFFC54}"
EndProject
Project("{FAE04EC0-301F-11D3-BF4B-00C04F79EFBC}") = "GameTrueFalse", "GameTrueFalse\GameTrueFalse.csproj", "{62A9BDEA-995B-483E-826F-E2EA1A648B65}"
EndProject
Global
	GlobalSection(SolutionConfigurationPlatforms) = preSolution
		Debug|Any CPU = Debug|Any CPU
		Release|Any CPU = Release|Any CPU
	EndGlobalSection
	GlobalSection(ProjectConfigurationPlatforms) = postSolution
		{3EC38570-636F-4243-9E5E-38A69D60C87A}.Debug|Any CPU.ActiveCfg = Debug|Any CPU
		{3EC38570-636F-4243-9E5E-38A69D60C87A}.Debug|Any CPU.Build.0 = Debug|Any CPU
		{3EC38570-636F-4243-9E5E-38A69D60C87A}.Release|Any CPU.ActiveCfg = Release|Any CPU
		{3EC38570-636F-4243-9E5E-38A69D60C87A}.Release|Any CPU.Build.0 = Release|Any CPU
		{4BDEB668-E009-4AF5-9455-82F67B113803}.Debug|Any CPU.ActiveCfg = Debug|Any CPU
		{4BDEB668-E009-4AF5-9455-82F67B113803}.Debug|Any CPU.Build.0 = Debug|Any CPU
		{4BDEB668-E009-4AF5-9455-82F67B113803}.Release|Any CPU.ActiveCfg = Release|Any CPU
		{4BDEB668-E009-4AF5-9455-82F67B113803}.Release|Any CPU.Build.0 = Release|Any CPU
		{69001F4F-6993-4AA5-AFA1-83AD681954D7}.Debug|Any CPU.ActiveCfg = Debug|Any CPU
		{69001F4F-6993-4AA5-AFA1-83AD681954D7}.Debug|Any CPU.Build.0 = Debug|Any CPU
		{69001F4F-6993-4AA5-AFA1-83AD681954D7}.Release|Any CPU.ActiveCfg = Release|Any CPU
		{69001F4F-6993-4AA5-AFA1-83AD681954D7}.Release|Any CPU.Build.0 = Release|Any CPU
		{F062F7F2-03B7-4367-9B8A-4BCFA737F1A7}.Debug|Any CPU.ActiveCfg = Debug|Any CPU
		{F062F7F2-03B7-4367-9B8A-4BCFA737F1A7}.Debug|Any CPU.Build.0 = Debug|Any CPU
		{F062F7F2-03B7-4367-9B8A-4BCFA737F1A7}.Release|Any CPU.ActiveCfg = Release|Any CPU
		{F062F7F2-03B7-4367-9B8A-4BCFA737F1A7}.Release|Any CPU.Build.0 = Release|Any CPU
		{859A49F4-2862-423B-8BE1-4CD7634AFA91}.Debug|Any CPU.ActiveCfg = Debug|Any CPU
		{859A49F4-2862-423B-8BE1-4CD7634AFA91}.Debug|Any CPU.Build.0 = Debug|Any CPU
		{859A49F4-2862-423B-8BE1-4CD7634AFA91}.Release|Any CPU.ActiveCfg = Release|Any CPU
		{859A49F4-2862-423B-8BE1-4CD7634AFA91}.Release|Any CPU.Build.0 = Release|Any CPU
		{C6E32FB1-0ABF-43A6-804F-D2EF1F985DDF}.Debug|Any CPU.ActiveCfg = Debug|Any CPU
		{C6E32FB1-0ABF-43A6-804F-D2EF1F985DDF}.Debug|Any CPU.Build.0 = Debug|Any CPU
		{C6E32FB1-0ABF-43A6-804F-D2EF1F985DDF}.Release|Any CPU.ActiveCfg = Release|Any CPU
		{C6E32FB1-0ABF-43A6-804F-D2EF1F985DDF}.Release|Any CPU.Build.0 = Release|Any CPU
		{55242750-E390-4D12-A03E-54A918D0D2A0}.Debug|Any CPU.ActiveCfg = Debug|Any CPU
		{55242750-E390-4D12-A03E-54A918D0D2A0}.Debug|Any CPU.Build.0 = Debug|Any CPU
		{55242750-E390-4D12-A03E-54A918D0D2A0}.Release|Any CPU.ActiveCfg = Release|Any CPU
		{55242750-E390-4D12-A03E-54A918D0D2A0}.Release|Any CPU.Build.0 = Release|Any CPU
		{AA41C327-D2A7-41C4-9590-197D9C9461AD}.Debug|Any CPU.ActiveCfg = Debug|Any CPU
		{AA41C327-D2A7-41C4-9590-197D9C9461AD}.Debug|Any CPU.Build.0 = Debug|Any CPU
		{AA41C327-D2A7-41C4-9590-197D9C9461AD}.Release|Any CPU.ActiveCfg = Release|Any CPU
		{AA41C327-D2A7-41C4-9590-197D9C9461AD}.Release|Any CPU.Build.0 = Release|Any CPU
		{77A956D5-855D-447C-990D-E5B7ECD313B5}.Debug|Any CPU.ActiveCfg = Debug|Any CPU
		{77A956D5-855D-447C-990D-E5B7ECD313B5}.Debug|Any CPU.Build.0 = Debug|Any CPU
		{77A956D5-855D-447C-990D-E5B7ECD313B5}.Release|Any CPU.ActiveCfg = Release|Any CPU
		{77A956D5-855D-447C-990D-E5B7ECD313B5}.Release|Any CPU.Build.0 = Release|Any CPU
		{2394DF3D-3D9A-4A9F-AD69-40F138EFC4C9}.Debug|Any CPU.ActiveCfg = Debug|Any CPU
		{2394DF3D-3D9A-4A9F-AD69-40F138EFC4C9}.Debug|Any CPU.Build.0 = Debug|Any CPU
		{2394DF3D-3D9A-4A9F-AD69-40F138EFC4C9}.Release|Any CPU.ActiveCfg = Release|Any CPU
		{2394DF3D-3D9A-4A9F-AD69-40F138EFC4C9}.Release|Any CPU.Build.0 = Release|Any CPU
		{F300B6A5-36C4-4532-AE00-8B671BC3911B}.Debug|Any CPU.ActiveCfg = Debug|Any CPU
		{F300B6A5-36C4-4532-AE00-8B671BC3911B}.Debug|Any CPU.Build.0 = Debug|Any CPU
		{F300B6A5-36C4-4532-AE00-8B671BC3911B}.Release|Any CPU.ActiveCfg = Release|Any CPU
		{F300B6A5-36C4-4532-AE00-8B671BC3911B}.Release|Any CPU.Build.0 = Release|Any CPU
		{36E7C59B-5467-4E02-9DAF-DFC8C81C13DD}.Debug|Any CPU.ActiveCfg = Debug|Any CPU
		{36E7C59B-5467-4E02-9DAF-DFC8C81C13DD}.Debug|Any CPU.Build.0 = Debug|Any CPU
		{36E7C59B-5467-4E02-9DAF-DFC8C81C13DD}.Release|Any CPU.ActiveCfg = Release|Any CPU
		{36E7C59B-5467-4E02-9DAF-DFC8C81C13DD}.Release|Any CPU.Build.0 = Release|Any CPU
		{497CE321-85EB-4702-8D23-6E1611CFFC54}.Debug|Any CPU.ActiveCfg = Debug|Any CPU
		{497CE321-85EB-4702-8D23-6E1611CFFC54}.Debug|Any CPU.Build.0 = Debug|Any CPU
		{497CE321-85EB-4702-8D23-6E1611CFFC54}.Release|Any CPU.ActiveCfg = Release|Any CPU
		{497CE321-85EB-4702-8D23-6E1611CFFC54}.Release|Any CPU.Build.0 = Release|Any CPU
		{62A9BDEA-995B-483E-826F-E2EA1A648B65}.Debug|Any CPU.ActiveCfg = Debug|Any CPU
		{62A9BDEA-995B-483E-826F-E2EA1A648B65}.Debug|Any CPU.Build.0 = Debug|Any CPU
		{62A9BDEA-995B-483E-826F-E2EA1A648B65}.Release|Any CPU.ActiveCfg = Release|Any CPU
		{62A9BDEA-995B-483E-826F-E2EA1A648B65}.Release|Any CPU.Build.0 = Release|Any CPU
	EndGlobalSection
	GlobalSection(SolutionProperties) = preSolution
		HideSolutionNode = FALSE
	EndGlobalSection
	GlobalSection(NestedProjects) = preSolution
		{3EC38570-636F-4243-9E5E-38A69D60C87A} = {37740699-31E0-4A87-8934-F2B6D25F1950}
		{4BDEB668-E009-4AF5-9455-82F67B113803} = {37740699-31E0-4A87-8934-F2B6D25F1950}
		{69001F4F-6993-4AA5-AFA1-83AD681954D7} = {37740699-31E0-4A87-8934-F2B6D25F1950}
		{F062F7F2-03B7-4367-9B8A-4BCFA737F1A7} = {12AC2031-CF01-47FA-8FD9-DF18A022AFBB}
		{859A49F4-2862-423B-8BE1-4CD7634AFA91} = {37740699-31E0-4A87-8934-F2B6D25F1950}
		{C6E32FB1-0ABF-43A6-804F-D2EF1F985DDF} = {F283F65D-11CA-4017-974F-B3B2A749738B}
		{55242750-E390-4D12-A03E-54A918D0D2A0} = {CC6B4535-BD51-43AF-BCF3-24AD29B12153}
		{AA41C327-D2A7-41C4-9590-197D9C9461AD} = {68BA1C74-0537-47D7-89AE-4983E00979B1}
		{77A956D5-855D-447C-990D-E5B7ECD313B5} = {7A8A133D-785F-4800-A537-1AEDC49200BA}
		{2394DF3D-3D9A-4A9F-AD69-40F138EFC4C9} = {1F7B545F-8D5D-4BD0-9F1C-62C977A9E646}
		{F300B6A5-36C4-4532-AE00-8B671BC3911B} = {59C4FC1C-F80F-4CF3-81A2-4D39DF9CA9E6}
		{36E7C59B-5467-4E02-9DAF-DFC8C81C13DD} = {59C4FC1C-F80F-4CF3-81A2-4D39DF9CA9E6}
		{497CE321-85EB-4702-8D23-6E1611CFFC54} = {AF331412-8F32-4495-ABCF-88AFB196B458}
		{62A9BDEA-995B-483E-826F-E2EA1A648B65} = {AF331412-8F32-4495-ABCF-88AFB196B458}
	EndGlobalSection
	GlobalSection(ExtensibilityGlobals) = postSolution
		SolutionGuid = {BE00BA60-2589-4056-B5B6-65CC66770C27}
	EndGlobalSection
EndGlobal
